# @generated - this file is auto-generated by `mise lock` https://mise.jdx.dev/dev-tools/mise-lock.html

lockfile_version = 2

[[tools."aqua:astral-sh/uv"]]
version = "0.12.21"
backend = "aqua:astral-sh/uv"
specifiers = ["0.12.21"]

[tools."aqua:astral-sh/uv"."platforms.linux-arm64"]
checksum = "sha256:030b69227b40af8c1981b7301793dc66e71ed3c796ea8688209dd268bd91ec51"
url = "https://github.com/astral-sh/uv/releases/download/0.12.21/uv-aarch64-unknown-linux-gnu.tar.gz"
url_api = "https://api.github.com/repos/astral-sh/uv/releases/assets/599237845"
provenance = "github-attestations"

[tools."aqua:astral-sh/uv"."platforms.linux-arm64-musl"]
checksum = "sha256:67389a674e62adffa5a395d9a3b80688731c4aa7b33a6def3e62d00f7fec821f"
url = "https://github.com/astral-sh/uv/releases/download/0.12.21/uv-aarch64-unknown-linux-musl.tar.gz"
url_api = "https://api.github.com/repos/astral-sh/uv/releases/assets/599237864"
provenance = "github-attestations"

[tools."aqua:astral-sh/uv"."platforms.linux-x64"]
checksum = "sha256:23f02075b652bb1df64178cfae41b5caf160822e720e2663568f3f5d63bc52c0"
url = "https://github.com/astral-sh/uv/releases/download/0.12.21/uv-x86_64-unknown-linux-gnu.tar.gz"
url_api = "https://api.github.com/repos/astral-sh/uv/releases/assets/599238020"
provenance = "github-attestations"

[tools."aqua:astral-sh/uv"."platforms.linux-x64-musl"]
checksum = "sha256:d69d543a55ec9cdf9d3d9f2648b0a161847e3dbddc477e3be6b5813a6d46f639"
url = "https://github.com/astral-sh/uv/releases/download/0.12.21/uv-x86_64-unknown-linux-musl.tar.gz"
url_api = "https://api.github.com/repos/astral-sh/uv/releases/assets/599238034"
provenance = "github-attestations"

[tools."aqua:astral-sh/uv"."platforms.macos-arm64"]
checksum = "sha256:b88bda573e566ef9bced66b155fe0408626fbbc053aee1c30ba686f0728c9447"
url = "https://github.com/astral-sh/uv/releases/download/0.12.21/uv-aarch64-apple-darwin.tar.gz"
url_api = "https://api.github.com/repos/astral-sh/uv/releases/assets/599237829"
provenance = "github-attestations"

[tools."aqua:astral-sh/uv"."platforms.macos-x64"]
checksum = "sha256:2b336763b396ec6afa20c5a8b083538ca7402445b868311979d740a4344c17d8"
url = "https://github.com/astral-sh/uv/releases/download/0.12.21/uv-x86_64-apple-darwin.tar.gz"
url_api = "https://api.github.com/repos/astral-sh/uv/releases/assets/599237993"
provenance = "github-attestations"

[tools."aqua:astral-sh/uv"."platforms.windows-x64"]
checksum = "sha256:5d223efa0bf00208c3853246af09420419dfbd352536aa6bb8163d6170e23890"
url = "https://github.com/astral-sh/uv/releases/download/0.12.21/uv-x86_64-pc-windows-msvc.zip"
url_api = "https://api.github.com/repos/astral-sh/uv/releases/assets/599238008"
provenance = "github-attestations"

[[tools."aqua:go-task/task"]]
version = "3.53.1"
backend = "aqua:go-task/task"
specifiers = ["3.53.1"]

[tools."aqua:go-task/task"."platforms.linux-arm64"]
checksum = "sha256:e3ad19101493a0112e1f22ae8ccc54bf03e533b1076a0ca1e6c782a09ad2e588"
url = "https://github.com/go-task/task/releases/download/v3.53.1/task_linux_arm64.tar.gz"
url_api = "https://api.github.com/repos/go-task/task/releases/assets/519645523"

[tools."aqua:go-task/task"."platforms.linux-arm64-musl"]
checksum = "sha256:e3ad19101493a0112e1f22ae8ccc54bf03e533b1076a0ca1e6c782a09ad2e588"
url = "https://github.com/go-task/task/releases/download/v3.53.1/task_linux_arm64.tar.gz"
url_api = "https://api.github.com/repos/go-task/task/releases/assets/519645523"

[tools."aqua:go-task/task"."platforms.linux-x64"]
checksum = "sha256:a54a408f6861ff921f6e87774180db31bacd8c1e7c944ca696db9fea49a82fc7"
url = "https://github.com/go-task/task/releases/download/v3.53.1/task_linux_amd64.tar.gz"
url_api = "https://api.github.com/repos/go-task/task/releases/assets/519645449"

[tools."aqua:go-task/task"."platforms.linux-x64-musl"]
checksum = "sha256:a54a408f6861ff921f6e87774180db31bacd8c1e7c944ca696db9fea49a82fc7"
url = "https://github.com/go-task/task/releases/download/v3.53.1/task_linux_amd64.tar.gz"
url_api = "https://api.github.com/repos/go-task/task/releases/assets/519645449"

[tools."aqua:go-task/task"."platforms.macos-arm64"]
checksum = "sha256:85d2d96c2380b33d7855b07b3f7a20dc7ca0eda999a26efa0fb5f6f32b366cd7"
url = "https://github.com/go-task/task/releases/download/v3.53.1/task_darwin_arm64.tar.gz"
url_api = "https://api.github.com/repos/go-task/task/releases/assets/519645491"

[tools."aqua:go-task/task"."platforms.macos-x64"]
checksum = "sha256:7f1a702d54a789cb818a636039a83df071f4179893133afafa4eba351a7e19ef"
url = "https://github.com/go-task/task/releases/download/v3.53.1/task_darwin_amd64.tar.gz"
url_api = "https://api.github.com/repos/go-task/task/releases/assets/519645492"

[tools."aqua:go-task/task"."platforms.windows-x64"]
checksum = "sha256:27c0cd248c12cba03d8958d954a3df981c900be885ec9ce5f6a3cdc4e9a19316"
url = "https://github.com/go-task/task/releases/download/v3.53.1/task_windows_amd64.zip"
url_api = "https://api.github.com/repos/go-task/task/releases/assets/519645548"

[[tools."aqua:google/yamlfmt"]]
version = "0.21.0"
backend = "aqua:google/yamlfmt"
specifiers = ["0.21.0"]

[tools."aqua:google/yamlfmt"."platforms.linux-arm64"]
checksum = "sha256:5b2689c963b177271330c5ce8ca7396751107e5a826be46f03d2cb9b6f0c7784"
url = "https://github.com/google/yamlfmt/releases/download/v0.21.0/yamlfmt_0.21.0_Linux_arm64.tar.gz"
url_api = "https://api.github.com/repos/google/yamlfmt/releases/assets/336650208"

[tools."aqua:google/yamlfmt"."platforms.linux-arm64-musl"]
checksum = "sha256:5b2689c963b177271330c5ce8ca7396751107e5a826be46f03d2cb9b6f0c7784"
url = "https://github.com/google/yamlfmt/releases/download/v0.21.0/yamlfmt_0.21.0_Linux_arm64.tar.gz"
url_api = "https://api.github.com/repos/google/yamlfmt/releases/assets/336650208"

[tools."aqua:google/yamlfmt"."platforms.linux-x64"]
checksum = "sha256:1f300d9257b232bb3b541d7fb1b0e6b3c121bcbab381c86cd38cb8722be8a566"
url = "https://github.com/google/yamlfmt/releases/download/v0.21.0/yamlfmt_0.21.0_Linux_x86_64.tar.gz"
url_api = "https://api.github.com/repos/google/yamlfmt/releases/assets/336650203"

[tools."aqua:google/yamlfmt"."platforms.linux-x64-musl"]
checksum = "sha256:1f300d9257b232bb3b541d7fb1b0e6b3c121bcbab381c86cd38cb8722be8a566"
url = "https://github.com/google/yamlfmt/releases/download/v0.21.0/yamlfmt_0.21.0_Linux_x86_64.tar.gz"
url_api = "https://api.github.com/repos/google/yamlfmt/releases/assets/336650203"

[tools."aqua:google/yamlfmt"."platforms.macos-arm64"]
checksum = "sha256:4b417ecb94339d57e4c122ecc948c1a00fe328b5853266de9806e652a92858fa"
url = "https://github.com/google/yamlfmt/releases/download/v0.21.0/yamlfmt_0.21.0_Darwin_arm64.tar.gz"
url_api = "https://api.github.com/repos/google/yamlfmt/releases/assets/336650209"

[tools."aqua:google/yamlfmt"."platforms.macos-x64"]
checksum = "sha256:060e943bcb8583c456810eb1ff4721b4f46c4a0c1a4432449d5dc3bbfe29a22b"
url = "https://github.com/google/yamlfmt/releases/download/v0.21.0/yamlfmt_0.21.0_Darwin_x86_64.tar.gz"
url_api = "https://api.github.com/repos/google/yamlfmt/releases/assets/336650207"

[tools."aqua:google/yamlfmt"."platforms.windows-x64"]
checksum = "sha256:07f80ce5d741eb4b0a9380ac78a19c7cb5bd44e2a9a47a5a04839e3ba54dd463"
url = "https://github.com/google/yamlfmt/releases/download/v0.21.0/yamlfmt_0.21.0_Windows_x86_64.tar.gz"
url_api = "https://api.github.com/repos/google/yamlfmt/releases/assets/336650206"

[[tools."aqua:jdx/hk"]]
version = "2.2.0"
backend = "aqua:jdx/hk"
specifiers = ["2.2.0"]

[tools."aqua:jdx/hk"."platforms.linux-arm64"]
checksum = "sha256:8f6f86adae8d9b40ce47815af1b7a2f43a5b02d8abda7a831c8fcb9d5619e878"
url = "https://github.com/jdx/hk/releases/download/v2.2.0/hk-aarch64-unknown-linux-gnu.tar.gz"
url_api = "https://api.github.com/repos/jdx/hk/releases/assets/587160956"

[tools."aqua:jdx/hk"."platforms.linux-arm64-musl"]
checksum = "sha256:8f6f86adae8d9b40ce47815af1b7a2f43a5b02d8abda7a831c8fcb9d5619e878"
url = "https://github.com/jdx/hk/releases/download/v2.2.0/hk-aarch64-unknown-linux-gnu.tar.gz"
url_api = "https://api.github.com/repos/jdx/hk/releases/assets/587160956"

[tools."aqua:jdx/hk"."platforms.linux-x64"]
checksum = "sha256:ffb90603d1aeb6c545ff64087372c136d46bb6d820164d63b352b1c189f40053"
url = "https://github.com/jdx/hk/releases/download/v2.2.0/hk-x86_64-unknown-linux-gnu.tar.gz"
url_api = "https://api.github.com/repos/jdx/hk/releases/assets/587160975"

[tools."aqua:jdx/hk"."platforms.linux-x64-musl"]
checksum = "sha256:ffb90603d1aeb6c545ff64087372c136d46bb6d820164d63b352b1c189f40053"
url = "https://github.com/jdx/hk/releases/download/v2.2.0/hk-x86_64-unknown-linux-gnu.tar.gz"
url_api = "https://api.github.com/repos/jdx/hk/releases/assets/587160975"

[tools."aqua:jdx/hk"."platforms.macos-arm64"]
checksum = "sha256:82da7ae00554222568ea4115939e13fca640c2fae426ea828176b5b08ea45f68"
url = "https://github.com/jdx/hk/releases/download/v2.2.0/hk-aarch64-apple-darwin.tar.gz"
url_api = "https://api.github.com/repos/jdx/hk/releases/assets/587160957"

[tools."aqua:jdx/hk"."platforms.windows-x64"]
checksum = "sha256:f265c9cadfbb2ded37328f7248dc5879804b5e460746bab5039765ee0e23eaf2"
url = "https://github.com/jdx/hk/releases/download/v2.2.0/hk-x86_64-pc-windows-msvc.zip"
url_api = "https://api.github.com/repos/jdx/hk/releases/assets/587160954"

[[tools."aqua:koalaman/shellcheck"]]
version = "0.11.0"
backend = "aqua:koalaman/shellcheck"
specifiers = ["0.11.0"]

[tools."aqua:koalaman/shellcheck"."platforms.linux-arm64"]
checksum = "sha256:12b331c1d2db6b9eb13cfca64306b1b157a86eb69db83023e261eaa7e7c14588"
url = "https://github.com/koalaman/shellcheck/releases/download/v0.11.0/shellcheck-v0.11.0.linux.aarch64.tar.xz"
url_api = "https://api.github.com/repos/koalaman/shellcheck/releases/assets/279056934"

[tools."aqua:koalaman/shellcheck"."platforms.linux-arm64-musl"]
checksum = "sha256:12b331c1d2db6b9eb13cfca64306b1b157a86eb69db83023e261eaa7e7c14588"
url = "https://github.com/koalaman/shellcheck/releases/download/v0.11.0/shellcheck-v0.11.0.linux.aarch64.tar.xz"
url_api = "https://api.github.com/repos/koalaman/shellcheck/releases/assets/279056934"

[tools."aqua:koalaman/shellcheck"."platforms.linux-x64"]
checksum = "sha256:8c3be12b05d5c177a04c29e3c78ce89ac86f1595681cab149b65b97c4e227198"
url = "https://github.com/koalaman/shellcheck/releases/download/v0.11.0/shellcheck-v0.11.0.linux.x86_64.tar.xz"
url_api = "https://api.github.com/repos/koalaman/shellcheck/releases/assets/279056942"

[tools."aqua:koalaman/shellcheck"."platforms.linux-x64-musl"]
checksum = "sha256:8c3be12b05d5c177a04c29e3c78ce89ac86f1595681cab149b65b97c4e227198"
url = "https://github.com/koalaman/shellcheck/releases/download/v0.11.0/shellcheck-v0.11.0.linux.x86_64.tar.xz"
url_api = "https://api.github.com/repos/koalaman/shellcheck/releases/assets/279056942"

[tools."aqua:koalaman/shellcheck"."platforms.macos-arm64"]
checksum = "sha256:56affdd8de5527894dca6dc3d7e0a99a873b0f004d7aabc30ae407d3f48b0a79"
url = "https://github.com/koalaman/shellcheck/releases/download/v0.11.0/shellcheck-v0.11.0.darwin.aarch64.tar.xz"
url_api = "https://api.github.com/repos/koalaman/shellcheck/releases/assets/279056932"

[tools."aqua:koalaman/shellcheck"."platforms.macos-x64"]
checksum = "sha256:3c89db4edcab7cf1c27bff178882e0f6f27f7afdf54e859fa041fca10febe4c6"
url = "https://github.com/koalaman/shellcheck/releases/download/v0.11.0/shellcheck-v0.11.0.darwin.x86_64.tar.xz"
url_api = "https://api.github.com/repos/koalaman/shellcheck/releases/assets/279056930"

[tools."aqua:koalaman/shellcheck"."platforms.windows-x64"]
checksum = "sha256:8a4e35ab0b331c85d73567b12f2a444df187f483e5079ceffa6bda1faa2e740e"
url = "https://github.com/koalaman/shellcheck/releases/download/v0.11.0/shellcheck-v0.11.0.zip"
url_api = "https://api.github.com/repos/koalaman/shellcheck/releases/assets/279056944"

[[tools."aqua:loeffel-io/ls-lint"]]
version = "2.3.1"
backend = "aqua:loeffel-io/ls-lint"
specifiers = ["2.3.1"]

[tools."aqua:loeffel-io/ls-lint"."platforms.linux-arm64"]
checksum = "sha256:2abdb71243c619f0bb29587be5c228bec84c107985f2c066139ef0ec35fd3a99"
url = "https://github.com/loeffel-io/ls-lint/releases/download/v2.3.1/ls-lint-linux-arm64"
url_api = "https://api.github.com/repos/loeffel-io/ls-lint/releases/assets/260857550"

[tools."aqua:loeffel-io/ls-lint"."platforms.linux-arm64-musl"]
checksum = "sha256:2abdb71243c619f0bb29587be5c228bec84c107985f2c066139ef0ec35fd3a99"
url = "https://github.com/loeffel-io/ls-lint/releases/download/v2.3.1/ls-lint-linux-arm64"
url_api = "https://api.github.com/repos/loeffel-io/ls-lint/releases/assets/260857550"

[tools."aqua:loeffel-io/ls-lint"."platforms.linux-x64"]
checksum = "sha256:b5a0d2e4427ad039fbc574551f17679f38f142b25d15e0e538769f8cf15af397"
url = "https://github.com/loeffel-io/ls-lint/releases/download/v2.3.1/ls-lint-linux-amd64"
url_api = "https://api.github.com/repos/loeffel-io/ls-lint/releases/assets/260857547"

[tools."aqua:loeffel-io/ls-lint"."platforms.linux-x64-musl"]
checksum = "sha256:b5a0d2e4427ad039fbc574551f17679f38f142b25d15e0e538769f8cf15af397"
url = "https://github.com/loeffel-io/ls-lint/releases/download/v2.3.1/ls-lint-linux-amd64"
url_api = "https://api.github.com/repos/loeffel-io/ls-lint/releases/assets/260857547"

[tools."aqua:loeffel-io/ls-lint"."platforms.macos-arm64"]
checksum = "sha256:e4ed2ce2b7b61d6685769e34c6375ccecb14a3f00ee59438cf82d01d6236a3c4"
url = "https://github.com/loeffel-io/ls-lint/releases/download/v2.3.1/ls-lint-darwin-arm64"
url_api = "https://api.github.com/repos/loeffel-io/ls-lint/releases/assets/260857541"

[tools."aqua:loeffel-io/ls-lint"."platforms.macos-x64"]
checksum = "sha256:fc17fc642e95fd8bf7030ed661e86758bee654f6e11f1e31a5f21887f47f73ae"
url = "https://github.com/loeffel-io/ls-lint/releases/download/v2.3.1/ls-lint-darwin-amd64"
url_api = "https://api.github.com/repos/loeffel-io/ls-lint/releases/assets/260857543"

[tools."aqua:loeffel-io/ls-lint"."platforms.windows-x64"]
checksum = "sha256:94e5cfb9468e597cb513fb7a8bf26499c9315ebd505d960c74e2d4849167bd31"
url = "https://github.com/loeffel-io/ls-lint/releases/download/v2.3.1/ls-lint-windows-amd64.exe"
url_api = "https://api.github.com/repos/loeffel-io/ls-lint/releases/assets/260857557"

[[tools."aqua:lycheeverse/lychee"]]
version = "0.24.2"
backend = "aqua:lycheeverse/lychee"
specifiers = ["0.24.2"]

[tools."aqua:lycheeverse/lychee"."platforms.linux-arm64"]
checksum = "sha256:91a7bd65685da41b90ccb9bc867a3d649a7818042dae04ff405e55a25bddee4c"
url = "https://github.com/lycheeverse/lychee/releases/download/lychee-v0.24.2/lychee-aarch64-unknown-linux-gnu.tar.gz"
url_api = "https://api.github.com/repos/lycheeverse/lychee/releases/assets/409959442"

[tools."aqua:lycheeverse/lychee"."platforms.linux-arm64-musl"]
checksum = "sha256:5d0b0e3aeab240f41920c633a6eaf97599be6eedda034b36e858ede7dba5e535"
url = "https://github.com/lycheeverse/lychee/releases/download/lychee-v0.24.2/lychee-aarch64-unknown-linux-musl.tar.gz"
url_api = "https://api.github.com/repos/lycheeverse/lychee/releases/assets/409958602"

[tools."aqua:lycheeverse/lychee"."platforms.linux-x64"]
checksum = "sha256:1f4e0ef7f6554a6ed33dd7ac144fb2e1bbed98598e7af973042fc5cd43951c9a"
url = "https://github.com/lycheeverse/lychee/releases/download/lychee-v0.24.2/lychee-x86_64-unknown-linux-gnu.tar.gz"
url_api = "https://api.github.com/repos/lycheeverse/lychee/releases/assets/409959156"

[tools."aqua:lycheeverse/lychee"."platforms.linux-x64-musl"]
checksum = "sha256:73657a111819a30c47c08352896796f23d64e4eb2b3ed39b6d32149241566fc5"
url = "https://github.com/lycheeverse/lychee/releases/download/lychee-v0.24.2/lychee-x86_64-unknown-linux-musl.tar.gz"
url_api = "https://api.github.com/repos/lycheeverse/lychee/releases/assets/409959271"

[tools."aqua:lycheeverse/lychee"."platforms.macos-arm64"]
checksum = "sha256:c9d3740ea2d891854d37116c9fba840f37b6e7c89d330e7db84ac333631c4977"
url = "https://github.com/lycheeverse/lychee/releases/download/lychee-v0.24.2/lychee-aarch64-apple-darwin.tar.gz"
url_api = "https://api.github.com/repos/lycheeverse/lychee/releases/assets/409957951"

[tools."aqua:lycheeverse/lychee"."platforms.macos-x64"]
checksum = "sha256:887503a9cff667d322b8d0892b40bf49976eb9507af8483220a3706cdad55978"
url = "https://github.com/lycheeverse/lychee/releases/download/lychee-v0.24.2/lychee-x86_64-apple-darwin.tar.gz"
url_api = "https://api.github.com/repos/lycheeverse/lychee/releases/assets/409957687"

[tools."aqua:lycheeverse/lychee"."platforms.windows-x64"]
checksum = "sha256:32975d1493ee1a975d6bb41e4fb56fe419cb442ded628bb772ba2e614acfacad"
url = "https://github.com/lycheeverse/lychee/releases/download/lychee-v0.24.2/lychee-x86_64-pc-windows-msvc.zip"
url_api = "https://api.github.com/repos/lycheeverse/lychee/releases/assets/409959491"

[[tools."aqua:mikefarah/yq"]]
version = "4.54.1"
backend = "aqua:mikefarah/yq"
specifiers = ["4.54.1"]

[tools."aqua:mikefarah/yq"."platforms.linux-arm64"]
checksum = "sha256:189088da0c6429ec5178dfaab1a114805f6cab0b61b165ab236efedf1d57a71b"
url = "https://github.com/mikefarah/yq/releases/download/v4.54.1/yq_linux_arm64"
url_api = "https://api.github.com/repos/mikefarah/yq/releases/assets/597222603"
provenance = "cosign"

[tools."aqua:mikefarah/yq"."platforms.linux-arm64-musl"]
checksum = "sha256:189088da0c6429ec5178dfaab1a114805f6cab0b61b165ab236efedf1d57a71b"
url = "https://github.com/mikefarah/yq/releases/download/v4.54.1/yq_linux_arm64"
url_api = "https://api.github.com/repos/mikefarah/yq/releases/assets/597222603"
provenance = "cosign"

[tools."aqua:mikefarah/yq"."platforms.linux-x64"]
checksum = "sha256:8e34fc298390875de416e6a4afcb8cabeceb25d9aa8506c1a2f9353cf702ea5f"
url = "https://github.com/mikefarah/yq/releases/download/v4.54.1/yq_linux_amd64"
url_api = "https://api.github.com/repos/mikefarah/yq/releases/assets/597222595"
provenance = "cosign"

[tools."aqua:mikefarah/yq"."platforms.linux-x64-musl"]
checksum = "sha256:8e34fc298390875de416e6a4afcb8cabeceb25d9aa8506c1a2f9353cf702ea5f"
url = "https://github.com/mikefarah/yq/releases/download/v4.54.1/yq_linux_amd64"
url_api = "https://api.github.com/repos/mikefarah/yq/releases/assets/597222595"
provenance = "cosign"

[tools."aqua:mikefarah/yq"."platforms.macos-arm64"]
checksum = "sha256:fee511a181bd8b3e6b7da98842b41973bfac8cd3bcd341ed29a584620b5b2844"
url = "https://github.com/mikefarah/yq/releases/download/v4.54.1/yq_darwin_arm64"
url_api = "https://api.github.com/repos/mikefarah/yq/releases/assets/597222609"
provenance = "cosign"

[tools."aqua:mikefarah/yq"."platforms.macos-x64"]
checksum = "sha256:3a812fce205a4d67014fb71b7fa297092210e580df3d8f52dddc2cf3a599c22b"
url = "https://github.com/mikefarah/yq/releases/download/v4.54.1/yq_darwin_amd64"
url_api = "https://api.github.com/repos/mikefarah/yq/releases/assets/597222619"
provenance = "cosign"

[tools."aqua:mikefarah/yq"."platforms.windows-x64"]
checksum = "sha256:b645f47ebb3a0d2fbab52998550bbd0a1706f23b5ca5f5b48e638c580bb70928"
url = "https://github.com/mikefarah/yq/releases/download/v4.54.1/yq_windows_amd64.exe"
url_api = "https://api.github.com/repos/mikefarah/yq/releases/assets/597222575"
provenance = "cosign"

[[tools."aqua:mvdan/sh"]]
version = "3.14.1"
backend = "aqua:mvdan/sh"
specifiers = ["3.14.1"]

[tools."aqua:mvdan/sh"."platforms.linux-arm64"]
checksum = "sha256:5f2db09dae91fca848f7adbdd014632e921a383863a2ad7e0450ad3aba0c6489"
url = "https://github.com/mvdan/sh/releases/download/v3.14.1/shfmt_v3.14.1_linux_arm64"
url_api = "https://api.github.com/repos/mvdan/sh/releases/assets/547320869"

[tools."aqua:mvdan/sh"."platforms.linux-arm64-musl"]
checksum = "sha256:5f2db09dae91fca848f7adbdd014632e921a383863a2ad7e0450ad3aba0c6489"
url = "https://github.com/mvdan/sh/releases/download/v3.14.1/shfmt_v3.14.1_linux_arm64"
url_api = "https://api.github.com/repos/mvdan/sh/releases/assets/547320869"

[tools."aqua:mvdan/sh"."platforms.linux-x64"]
checksum = "sha256:76e77641faa025814b77f153b29796b8e6fa2fca03e0c76a691608b86c7ea7bf"
url = "https://github.com/mvdan/sh/releases/download/v3.14.1/shfmt_v3.14.1_linux_amd64"
url_api = "https://api.github.com/repos/mvdan/sh/releases/assets/547320883"

[tools."aqua:mvdan/sh"."platforms.linux-x64-musl"]
checksum = "sha256:76e77641faa025814b77f153b29796b8e6fa2fca03e0c76a691608b86c7ea7bf"
url = "https://github.com/mvdan/sh/releases/download/v3.14.1/shfmt_v3.14.1_linux_amd64"
url_api = "https://api.github.com/repos/mvdan/sh/releases/assets/547320883"

[tools."aqua:mvdan/sh"."platforms.macos-arm64"]
checksum = "sha256:b7c872db63553ccffc7253aba3ed7d4885a27d83f1ba567b1138c6315a5847e5"
url = "https://github.com/mvdan/sh/releases/download/v3.14.1/shfmt_v3.14.1_darwin_arm64"
url_api = "https://api.github.com/repos/mvdan/sh/releases/assets/547320930"

[tools."aqua:mvdan/sh"."platforms.macos-x64"]
checksum = "sha256:d33eee0da0f92835b3562e9767a05cee7e4eaeef47daa03bfd09da17b4b590a6"
url = "https://github.com/mvdan/sh/releases/download/v3.14.1/shfmt_v3.14.1_darwin_amd64"
url_api = "https://api.github.com/repos/mvdan/sh/releases/assets/547320946"

[tools."aqua:mvdan/sh"."platforms.windows-x64"]
checksum = "sha256:13629ce28442ca80b6b5a819f7574ab39e1c28c6e26734ca816c9714e04851df"
url = "https://github.com/mvdan/sh/releases/download/v3.14.1/shfmt_v3.14.1_windows_amd64.exe"
url_api = "https://api.github.com/repos/mvdan/sh/releases/assets/547320827"

[[tools."aqua:rvben/rumdl"]]
version = "0.2.78"
backend = "aqua:rvben/rumdl"
specifiers = ["0.2.78"]

[tools."aqua:rvben/rumdl"."platforms.linux-arm64"]
checksum = "sha256:16e518695868a650ad0f584f60f225e65e63ffb71b46aba2428c365c7225d262"
url = "https://github.com/rvben/rumdl/releases/download/v0.2.78/rumdl-v0.2.78-aarch64-unknown-linux-gnu.tar.gz"
url_api = "https://api.github.com/repos/rvben/rumdl/releases/assets/598548742"
provenance = "github-attestations"

[tools."aqua:rvben/rumdl"."platforms.linux-arm64-musl"]
checksum = "sha256:83afca5be68f8710cf5e3faef103927af8ef8dec3b19bd33ceebef348f3e546e"
url = "https://github.com/rvben/rumdl/releases/download/v0.2.78/rumdl-v0.2.78-aarch64-unknown-linux-musl.tar.gz"
url_api = "https://api.github.com/repos/rvben/rumdl/releases/assets/598548747"
provenance = "github-attestations"

[tools."aqua:rvben/rumdl"."platforms.linux-x64"]
checksum = "sha256:5597ecab62c6cd50e63f85451fe4e763abc58195a3e7eff9186b6dfae890ca24"
url = "https://github.com/rvben/rumdl/releases/download/v0.2.78/rumdl-v0.2.78-x86_64-unknown-linux-gnu.tar.gz"
url_api = "https://api.github.com/repos/rvben/rumdl/releases/assets/598548740"
provenance = "github-attestations"

[tools."aqua:rvben/rumdl"."platforms.linux-x64-musl"]
checksum = "sha256:507d2243ca3582094588c0610c2ee5c3bcd0a50a8564149dcce4268cdf50de82"
url = "https://github.com/rvben/rumdl/releases/download/v0.2.78/rumdl-v0.2.78-x86_64-unknown-linux-musl.tar.gz"
url_api = "https://api.github.com/repos/rvben/rumdl/releases/assets/598548743"
provenance = "github-attestations"

[tools."aqua:rvben/rumdl"."platforms.macos-arm64"]
checksum = "sha256:450f00cdbf1da3bc3fbdf56c52dc9e6b2ab08bfd1ee6a26b44848e52a180dba5"
url = "https://github.com/rvben/rumdl/releases/download/v0.2.78/rumdl-v0.2.78-aarch64-apple-darwin.tar.gz"
url_api = "https://api.github.com/repos/rvben/rumdl/releases/assets/598548745"
provenance = "github-attestations"

[tools."aqua:rvben/rumdl"."platforms.macos-x64"]
checksum = "sha256:0cb4eecf286798e770c1f9e85fbf532ee135becc248a25fab388355c998543f9"
url = "https://github.com/rvben/rumdl/releases/download/v0.2.78/rumdl-v0.2.78-x86_64-apple-darwin.tar.gz"
url_api = "https://api.github.com/repos/rvben/rumdl/releases/assets/598548751"
provenance = "github-attestations"

[tools."aqua:rvben/rumdl"."platforms.windows-x64"]
checksum = "sha256:fb8f475e68e754fdddc1c7c7d85914df984465ce6a8a9e9fe5fcc434782b5f7d"
url = "https://github.com/rvben/rumdl/releases/download/v0.2.78/rumdl-v0.2.78-x86_64-pc-windows-msvc.zip"
url_api = "https://api.github.com/repos/rvben/rumdl/releases/assets/598548749"
provenance = "github-attestations"

[[tools."aqua:tombi-toml/tombi"]]
version = "1.6.1"
backend = "aqua:tombi-toml/tombi"
specifiers = ["1.6.1"]

[tools."aqua:tombi-toml/tombi"."platforms.linux-arm64"]
checksum = "sha256:6fb2a5c04928cda08ab74eee095917abbca3c4805a168c0f59ff7165afb0c88f"
url = "https://github.com/tombi-toml/tombi/releases/download/v1.6.1/tombi-cli-1.6.1-aarch64-unknown-linux-musl.tar.gz"
url_api = "https://api.github.com/repos/tombi-toml/tombi/releases/assets/599923257"
provenance = "github-attestations"

[tools."aqua:tombi-toml/tombi"."platforms.linux-arm64-musl"]
checksum = "sha256:6fb2a5c04928cda08ab74eee095917abbca3c4805a168c0f59ff7165afb0c88f"
url = "https://github.com/tombi-toml/tombi/releases/download/v1.6.1/tombi-cli-1.6.1-aarch64-unknown-linux-musl.tar.gz"
url_api = "https://api.github.com/repos/tombi-toml/tombi/releases/assets/599923257"
provenance = "github-attestations"

[tools."aqua:tombi-toml/tombi"."platforms.linux-x64"]
checksum = "sha256:d9de2450f5477a9c20d7942c45e6131e2fba22e0b94121680ca2391f4210ab7d"
url = "https://github.com/tombi-toml/tombi/releases/download/v1.6.1/tombi-cli-1.6.1-x86_64-unknown-linux-musl.tar.gz"
url_api = "https://api.github.com/repos/tombi-toml/tombi/releases/assets/599923286"
provenance = "github-attestations"

[tools."aqua:tombi-toml/tombi"."platforms.linux-x64-musl"]
checksum = "sha256:d9de2450f5477a9c20d7942c45e6131e2fba22e0b94121680ca2391f4210ab7d"
url = "https://github.com/tombi-toml/tombi/releases/download/v1.6.1/tombi-cli-1.6.1-x86_64-unknown-linux-musl.tar.gz"
url_api = "https://api.github.com/repos/tombi-toml/tombi/releases/assets/599923286"
provenance = "github-attestations"

[tools."aqua:tombi-toml/tombi"."platforms.macos-arm64"]
checksum = "sha256:c604b76a37aa00db7b465a179569cd10acf6ed5df7e5062379a61086777bd511"
url = "https://github.com/tombi-toml/tombi/releases/download/v1.6.1/tombi-cli-1.6.1-aarch64-apple-darwin.tar.gz"
url_api = "https://api.github.com/repos/tombi-toml/tombi/releases/assets/599923261"
provenance = "github-attestations"

[tools."aqua:tombi-toml/tombi"."platforms.macos-x64"]
checksum = "sha256:3709e4914282cea7f16acf7c34321ba56882e0440a3f6b9954bb90d9a11fe2d5"
url = "https://github.com/tombi-toml/tombi/releases/download/v1.6.1/tombi-cli-1.6.1-x86_64-apple-darwin.tar.gz"
url_api = "https://api.github.com/repos/tombi-toml/tombi/releases/assets/599923258"
provenance = "github-attestations"

[tools."aqua:tombi-toml/tombi"."platforms.windows-x64"]
checksum = "sha256:f83d2f9214287056b16aebc8ebd7093285e136646ec745d01982806df791dec7"
url = "https://github.com/tombi-toml/tombi/releases/download/v1.6.1/tombi-cli-1.6.1-x86_64-pc-windows-msvc.zip"
url_api = "https://api.github.com/repos/tombi-toml/tombi/releases/assets/599923281"
provenance = "github-attestations"

[[tools."cargo:templatry"]]
version = "0.2.0"
backend = "cargo:templatry"
specifiers = ["0.2.0"]

[[tools."github:kucherenko/jscpd"]]
version = "5.4.0"
backend = "github:kucherenko/jscpd"
specifiers = ["v5.4.0"]

[tools."github:kucherenko/jscpd"."platforms.linux-arm64"]
checksum = "sha256:e31c723f89228fbd2f4231c2fbaf885074d15d33c4dc6b93ba551a966efe3517"
url = "https://github.com/kucherenko/jscpd/releases/download/v5.4.0/jscpd-linux-arm64-gnu.tar.gz"
url_api = "https://api.github.com/repos/kucherenko/jscpd/releases/assets/601533636"
provenance = "github-attestations"

[tools."github:kucherenko/jscpd"."platforms.linux-arm64-musl"]
checksum = "sha256:3663c5e6513ff152afd24bd3c743329e3c3aab4d8e56fe4f00e60a247ab7d3ae"
url = "https://github.com/kucherenko/jscpd/releases/download/v5.4.0/jscpd-linux-arm64-musl.tar.gz"
url_api = "https://api.github.com/repos/kucherenko/jscpd/releases/assets/601533633"
provenance = "github-attestations"

[tools."github:kucherenko/jscpd"."platforms.linux-x64"]
checksum = "sha256:4c2819a5663e5418fe5dcf0faceca7f05c1f080d3c87fd57cc4ccf99ce857194"
url = "https://github.com/kucherenko/jscpd/releases/download/v5.4.0/jscpd-linux-x64-gnu.tar.gz"
url_api = "https://api.github.com/repos/kucherenko/jscpd/releases/assets/601533640"
provenance = "github-attestations"

[tools."github:kucherenko/jscpd"."platforms.linux-x64-musl"]
checksum = "sha256:10dd883b1fecedb457b7b75870a5895b17f54e1c045c87fe46864fa98730bbf2"
url = "https://github.com/kucherenko/jscpd/releases/download/v5.4.0/jscpd-linux-x64-musl.tar.gz"
url_api = "https://api.github.com/repos/kucherenko/jscpd/releases/assets/601533659"
provenance = "github-attestations"

[tools."github:kucherenko/jscpd"."platforms.macos-arm64"]
checksum = "sha256:75022b94cd6c05523a7a1639c3fff769d9a97f8c7ef3f6a614c6bee53b7e3bdd"
url = "https://github.com/kucherenko/jscpd/releases/download/v5.4.0/jscpd-darwin-arm64.tar.gz"
url_api = "https://api.github.com/repos/kucherenko/jscpd/releases/assets/601533635"
provenance = "github-attestations"

[tools."github:kucherenko/jscpd"."platforms.macos-x64"]
checksum = "sha256:866676d440854f2e6083c4a88f754856fb91ccdc16f59e49a64574cd35d3f48d"
url = "https://github.com/kucherenko/jscpd/releases/download/v5.4.0/jscpd-darwin-x64.tar.gz"
url_api = "https://api.github.com/repos/kucherenko/jscpd/releases/assets/601533634"
provenance = "github-attestations"

[tools."github:kucherenko/jscpd"."platforms.windows-x64"]
checksum = "sha256:fb23edc10657bf93a66f6f2be53f10335f1be1da9456c97107f98a9d0e21ce13"
url = "https://github.com/kucherenko/jscpd/releases/download/v5.4.0/jscpd-windows-x64-msvc.tar.gz"
url_api = "https://api.github.com/repos/kucherenko/jscpd/releases/assets/601533667"
provenance = "github-attestations"

[[tools."github:mongodb/kingfisher"]]
version = "2.8.0"
backend = "github:mongodb/kingfisher"
specifiers = ["v2.8.0"]

[tools."github:mongodb/kingfisher"."platforms.linux-arm64"]
checksum = "sha256:cf269b3ed1e2bf2df65fd4b106fdc1e8691211b4ec28eae42c1696c02e6ad652"
url = "https://github.com/mongodb/kingfisher/releases/download/v2.8.0/kingfisher-linux-arm64.tgz"
url_api = "https://api.github.com/repos/mongodb/kingfisher/releases/assets/598616037"
provenance = "github-attestations"

[tools."github:mongodb/kingfisher"."platforms.linux-arm64-musl"]
checksum = "sha256:cf269b3ed1e2bf2df65fd4b106fdc1e8691211b4ec28eae42c1696c02e6ad652"
url = "https://github.com/mongodb/kingfisher/releases/download/v2.8.0/kingfisher-linux-arm64.tgz"
url_api = "https://api.github.com/repos/mongodb/kingfisher/releases/assets/598616037"
provenance = "github-attestations"

[tools."github:mongodb/kingfisher"."platforms.linux-x64"]
checksum = "sha256:dfc59a8962c3b7c1365e35ba161012a7b0e2f06be95f225a5153ae2abd71cf39"
url = "https://github.com/mongodb/kingfisher/releases/download/v2.8.0/kingfisher-linux-x64.tgz"
url_api = "https://api.github.com/repos/mongodb/kingfisher/releases/assets/598615875"
provenance = "github-attestations"

[tools."github:mongodb/kingfisher"."platforms.linux-x64-musl"]
checksum = "sha256:dfc59a8962c3b7c1365e35ba161012a7b0e2f06be95f225a5153ae2abd71cf39"
url = "https://github.com/mongodb/kingfisher/releases/download/v2.8.0/kingfisher-linux-x64.tgz"
url_api = "https://api.github.com/repos/mongodb/kingfisher/releases/assets/598615875"
provenance = "github-attestations"

[tools."github:mongodb/kingfisher"."platforms.macos-arm64"]
checksum = "sha256:9426201e8a65defb445ec41a02fb8cc7df268991e8f2f1cdd93c4edfb3a532f6"
url = "https://github.com/mongodb/kingfisher/releases/download/v2.8.0/kingfisher-darwin-arm64.tgz"
url_api = "https://api.github.com/repos/mongodb/kingfisher/releases/assets/598616251"
provenance = "github-attestations"

[tools."github:mongodb/kingfisher"."platforms.macos-x64"]
checksum = "sha256:87302e87efc6bfd92f0b26d1d13b16d136c258241671f38e4ef03325168e4f93"
url = "https://github.com/mongodb/kingfisher/releases/download/v2.8.0/kingfisher-darwin-x64.tgz"
url_api = "https://api.github.com/repos/mongodb/kingfisher/releases/assets/598616202"
provenance = "github-attestations"

[tools."github:mongodb/kingfisher"."platforms.windows-x64"]
checksum = "sha256:ea6c1e79df057a50083852621a041223f86ee543a173d5fb5426eed9bee3f0df"
url = "https://github.com/mongodb/kingfisher/releases/download/v2.8.0/kingfisher-windows-x64.zip"
url_api = "https://api.github.com/repos/mongodb/kingfisher/releases/assets/598615759"
provenance = "github-attestations"

[[tools."github:zizmorcore/zizmor"]]
version = "1.30.1"
backend = "github:zizmorcore/zizmor"
specifiers = ["v1.30.1"]

[tools."github:zizmorcore/zizmor"."platforms.linux-arm64"]
checksum = "sha256:7ff1dce33bdd18fd2a4affe63bdd47efcccca97b2cec1c1863ec26e9e2647540"
url = "https://github.com/zizmorcore/zizmor/releases/download/v1.30.1/zizmor-aarch64-unknown-linux-gnu.tar.gz"
url_api = "https://api.github.com/repos/zizmorcore/zizmor/releases/assets/552067643"
provenance = "github-attestations"

[tools."github:zizmorcore/zizmor"."platforms.linux-arm64-musl"]
checksum = "sha256:7ff1dce33bdd18fd2a4affe63bdd47efcccca97b2cec1c1863ec26e9e2647540"
url = "https://github.com/zizmorcore/zizmor/releases/download/v1.30.1/zizmor-aarch64-unknown-linux-gnu.tar.gz"
url_api = "https://api.github.com/repos/zizmorcore/zizmor/releases/assets/552067643"
provenance = "github-attestations"

[tools."github:zizmorcore/zizmor"."platforms.linux-x64"]
checksum = "sha256:e65324f4430c2717591937edcec90ccbefaf14c174f8ec9415e03ca875b46e1a"
url = "https://github.com/zizmorcore/zizmor/releases/download/v1.30.1/zizmor-x86_64-unknown-linux-gnu.tar.gz"
url_api = "https://api.github.com/repos/zizmorcore/zizmor/releases/assets/552067642"
provenance = "github-attestations"

[tools."github:zizmorcore/zizmor"."platforms.linux-x64-musl"]
checksum = "sha256:e65324f4430c2717591937edcec90ccbefaf14c174f8ec9415e03ca875b46e1a"
url = "https://github.com/zizmorcore/zizmor/releases/download/v1.30.1/zizmor-x86_64-unknown-linux-gnu.tar.gz"
url_api = "https://api.github.com/repos/zizmorcore/zizmor/releases/assets/552067642"
provenance = "github-attestations"

[tools."github:zizmorcore/zizmor"."platforms.macos-arm64"]
checksum = "sha256:e28d22b087f9ebb8d99da6e740d348c930f559961c7c3f12badda54f882195a2"
url = "https://github.com/zizmorcore/zizmor/releases/download/v1.30.1/zizmor-aarch64-apple-darwin.tar.gz"
url_api = "https://api.github.com/repos/zizmorcore/zizmor/releases/assets/552067640"
provenance = "github-attestations"

[tools."github:zizmorcore/zizmor"."platforms.macos-x64"]
checksum = "sha256:10e6b18b11ea07e515a16f0f0518c7b07527bc9977c1fd5698181ce7f3554202"
url = "https://github.com/zizmorcore/zizmor/releases/download/v1.30.1/zizmor-x86_64-apple-darwin.tar.gz"
url_api = "https://api.github.com/repos/zizmorcore/zizmor/releases/assets/552067641"
provenance = "github-attestations"

[tools."github:zizmorcore/zizmor"."platforms.windows-x64"]
checksum = "sha256:b183b1e996eddfab9659f1e9b46e059f1ef1cf984a1f14e5da09f7876a4b3a1c"
url = "https://github.com/zizmorcore/zizmor/releases/download/v1.30.1/zizmor-x86_64-pc-windows-msvc.zip"
url_api = "https://api.github.com/repos/zizmorcore/zizmor/releases/assets/552067645"
provenance = "github-attestations"

[[tools."pipx:yamllint"]]
version = "1.38.0"
backend = "pipx:yamllint"
specifiers = ["1.38.0"]
uv = { path = "mise/locks/pipx-yamllint/1.38.0", digest = "sha256:da95d95c985f02dda36eaac428e92d3e92734d68431222430ad5be8d718034a0" }
